
Microsoft Visual Studio Solution File, Format Version 12.00
# Visual Studio Version 17
VisualStudioVersion = 17.4.33213.308
MinimumVisualStudioVersion = 10.0.40219.1
Project("{FAE04EC0-301F-11D3-BF4B-00C04F79EFBC}") = "LINQ ASSIGNMENT2", "LINQ ASSIGNMENT2\LINQ ASSIGNMENT2.csproj", "{4539548A-6EEE-424B-8786-1D55ABAD2039}"
EndProject
Global
	GlobalSection(SolutionConfigurationPlatforms) = preSolution
		Debug|Any CPU = Debug|Any CPU
		Release|Any CPU = Release|Any CPU
	EndGlobalSection
	GlobalSection(ProjectConfigurationPlatforms) = postSolution
		{4539548A-6EEE-424B-8786-1D55ABAD2039}.Debug|Any CPU.ActiveCfg = Debug|Any CPU
		{4539548A-6EEE-424B-8786-1D55ABAD2039}.Debug|Any CPU.Build.0 = Debug|Any CPU
		{4539548A-6EEE-424B-8786-1D55ABAD2039}.Release|Any CPU.ActiveCfg = Release|Any CPU
		{4539548A-6EEE-424B-8786-1D55ABAD2039}.Release|Any CPU.Build.0 = Release|Any CPU
	EndGlobalSection
	GlobalSection(SolutionProperties) = preSolution
		HideSolutionNode = FALSE
	EndGlobalSection
	GlobalSection(ExtensibilityGlobals) = postSolution
		SolutionGuid = {2C46EBA9-D9CD-4798-859D-39BC1E32E748}
	EndGlobalSection
EndGlobal
